
Microsoft Visual Studio Solution File, Format Version 12.00
# Visual Studio Version 16
VisualStudioVersion = 16.0.29519.181
MinimumVisualStudioVersion = 10.0.40219.1
Project("{FAE04EC0-301F-11D3-BF4B-00C04F79EFBC}") = "Shop.UI", "Shop.UI\Shop.UI.csproj", "{39552DA9-3B0B-4D79-88DD-A7222749FFDB}"
EndProject
Project("{FAE04EC0-301F-11D3-BF4B-00C04F79EFBC}") = "Shop.Domain", "Shop.Domain\Shop.Domain.csproj", "{CAC4772F-7709-4FB4-AC86-CD0A641FED90}"
EndProject
Project("{FAE04EC0-301F-11D3-BF4B-00C04F79EFBC}") = "Shop.Application", "Shop.Application\Shop.Application.csproj", "{A0E895C2-FFED-4AB9-8463-EB4DDA327D7F}"
EndProject
Project("{FAE04EC0-301F-11D3-BF4B-00C04F79EFBC}") = "Shop.Database", "Shop.Database\Shop.Database.csproj", "{53EA85B9-8652-4FD7-A7C0-BD305F41F0D4}"
EndProject
Global
	GlobalSection(SolutionConfigurationPlatforms) = preSolution
		Debug|Any CPU = Debug|Any CPU
		Release|Any CPU = Release|Any CPU
	EndGlobalSection
	GlobalSection(ProjectConfigurationPlatforms) = postSolution
		{39552DA9-3B0B-4D79-88DD-A7222749FFDB}.Debug|Any CPU.ActiveCfg = Debug|Any CPU
		{39552DA9-3B0B-4D79-88DD-A7222749FFDB}.Debug|Any CPU.Build.0 = Debug|Any CPU
		{39552DA9-3B0B-4D79-88DD-A7222749FFDB}.Release|Any CPU.ActiveCfg = Release|Any CPU
		{39552DA9-3B0B-4D79-88DD-A7222749FFDB}.Release|Any CPU.Build.0 = Release|Any CPU
		{CAC4772F-7709-4FB4-AC86-CD0A641FED90}.Debug|Any CPU.ActiveCfg = Debug|Any CPU
		{CAC4772F-7709-4FB4-AC86-CD0A641FED90}.Debug|Any CPU.Build.0 = Debug|Any CPU
		{CAC4772F-7709-4FB4-AC86-CD0A641FED90}.Release|Any CPU.ActiveCfg = Release|Any CPU
		{CAC4772F-7709-4FB4-AC86-CD0A641FED90}.Release|Any CPU.Build.0 = Release|Any CPU
		{A0E895C2-FFED-4AB9-8463-EB4DDA327D7F}.Debug|Any CPU.ActiveCfg = Debug|Any CPU
		{A0E895C2-FFED-4AB9-8463-EB4DDA327D7F}.Debug|Any CPU.Build.0 = Debug|Any CPU
		{A0E895C2-FFED-4AB9-8463-EB4DDA327D7F}.Release|Any CPU.ActiveCfg = Release|Any CPU
		{A0E895C2-FFED-4AB9-8463-EB4DDA327D7F}.Release|Any CPU.Build.0 = Release|Any CPU
		{53EA85B9-8652-4FD7-A7C0-BD305F41F0D4}.Debug|Any CPU.ActiveCfg = Debug|Any CPU
		{53EA85B9-8652-4FD7-A7C0-BD305F41F0D4}.Debug|Any CPU.Build.0 = Debug|Any CPU
		{53EA85B9-8652-4FD7-A7C0-BD305F41F0D4}.Release|Any CPU.ActiveCfg = Release|Any CPU
		{53EA85B9-8652-4FD7-A7C0-BD305F41F0D4}.Release|Any CPU.Build.0 = Release|Any CPU
	EndGlobalSection
	GlobalSection(SolutionProperties) = preSolution
		HideSolutionNode = FALSE
	EndGlobalSection
	GlobalSection(ExtensibilityGlobals) = postSolution
		SolutionGuid = {87D641DB-8787-4265-8C6C-493D60DBAE94}
	EndGlobalSection
EndGlobal
